# This file is automatically @generated by Cargo.
# It is not intended for manual editing.
version = 3

[[package]]
name = "base58"
version = "0.1.0"
dependencies = [
 "hashes",
 "hex",
]

[[package]]
name = "bech32"
version = "0.9.1"
source = "registry+https://github.com/rust-lang/crates.io-index"
checksum = "d86b93f97252c47b41663388e6d155714a9d0c398b99f1005cbc5f978b29f445"

[[package]]
name = "bitcoin"
version = "0.1.0"
dependencies = [
 "bitcoin-str",
 "hashes",
]

[[package]]
name = "bitcoin-internals"
version = "0.1.0"

[[package]]
name = "bitcoin-str"
version = "0.1.0"
dependencies = [
 "base58",
 "bech32",
 "hashes",
 "hex",
]

[[package]]
name = "hashes"
version = "0.1.0"
dependencies = [
 "hex",
]

[[package]]
name = "hex"
version = "0.1.0"
dependencies = [
 "bitcoin-internals",
]
